// !$*UTF8*$!
{
	archiveVersion = 1;
	classes = {
	};
	objectVersion = 56;
	objects = {

/* Begin PBXBuildFile section */
		BB370F222AA7BA1B00B0BAAD /* AppDelegate.swift in Sources */ = {isa = PBXBuildFile; fileRef = BB370F212AA7BA1B00B0BAAD /* AppDelegate.swift */; };
		BB370F242AA7BA1B00B0BAAD /* SceneDelegate.swift in Sources */ = {isa = PBXBuildFile; fileRef = BB370F232AA7BA1B00B0BAAD /* SceneDelegate.swift */; };
		BB370F262AA7BA1B00B0BAAD /* ViewController.swift in Sources */ = {isa = PBXBuildFile; fileRef = BB370F252AA7BA1B00B0BAAD /* ViewController.swift */; };
		BB370F292AA7BA1B00B0BAAD /* Main.storyboard in Resources */ = {isa = PBXBuildFile; fileRef = BB370F272AA7BA1B00B0BAAD /* Main.storyboard */; };
		BB370F2B2AA7BA1C00B0BAAD /* Assets.xcassets in Resources */ = {isa = PBXBuildFile; fileRef = BB370F2A2AA7BA1C00B0BAAD /* Assets.xcassets */; };
		BB370F2E2AA7BA1C00B0BAAD /* LaunchScreen.storyboard in Resources */ = {isa = PBXBuildFile; fileRef = BB370F2C2AA7BA1C00B0BAAD /* LaunchScreen.storyboard */; };
		BB370F362AA7F05F00B0BAAD /* MobileNetV2.mlmodel in Sources */ = {isa = PBXBuildFile; fileRef = BB370F352AA7F05F00B0BAAD /* MobileNetV2.mlmodel */; };
/* End PBXBuildFile section */

/* Begin PBXFileReference section */
		BB370F1E2AA7BA1B00B0BAAD /* PlantCam.app */ = {isa = PBXFileReference; explicitFileType = wrapper.application; includeInIndex = 0; path = PlantCam.app; sourceTree = BUILT_PRODUCTS_DIR; };
		BB370F212AA7BA1B00B0BAAD /* AppDelegate.swift */ = {isa = PBXFileReference; lastKnownFileType = sourcecode.swift; path = AppDelegate.swift; sourceTree = "<group>"; };
		BB370F232AA7BA1B00B0BAAD /* SceneDelegate.swift */ = {isa = PBXFileReference; lastKnownFileType = sourcecode.swift; path = SceneDelegate.swift; sourceTree = "<group>"; };
		BB370F252AA7BA1B00B0BAAD /* ViewController.swift */ = {isa = PBXFileReference; lastKnownFileType = sourcecode.swift; path = ViewController.swift; sourceTree = "<group>"; };
		BB370F282AA7BA1B00B0BAAD /* Base */ = {isa = PBXFileReference; lastKnownFileType = file.storyboard; name = Base; path = Base.lproj/Main.storyboard; sourceTree = "<group>"; };
		BB370F2A2AA7BA1C00B0BAAD /* Assets.xcassets */ = {isa = PBXFileReference; lastKnownFileType = folder.assetcatalog; path = Assets.xcassets; sourceTree = "<group>"; };
		BB370F2D2AA7BA1C00B0BAAD /* Base */ = {isa = PBXFileReference; lastKnownFileType = file.storyboard; name = Base; path = Base.lproj/LaunchScreen.storyboard; sourceTree = "<group>"; };
		BB370F2F2AA7BA1C00B0BAAD /* Info.plist */ = {isa = PBXFileReference; lastKnownFileType = text.plist.xml; path = Info.plist; sourceTree = "<group>"; };
		BB370F352AA7F05F00B0BAAD /* MobileNetV2.mlmodel */ = {isa = PBXFileReference; lastKnownFileType = file.mlmodel; path = MobileNetV2.mlmodel; sourceTree = "<group>"; };
/* End PBXFileReference section */

/* Begin PBXFrameworksBuildPhase section */
		BB370F1B2AA7BA1B00B0BAAD /* Frameworks */ = {
			isa = PBXFrameworksBuildPhase;
			buildActionMask = 2147483647;
			files = (
			);
			runOnlyForDeploymentPostprocessing = 0;
		};
/* End PBXFrameworksBuildPhase section */

/* Begin PBXGroup section */
		BB370F152AA7BA1B00B0BAAD = {
			isa = PBXGroup;
			children = (
				BB370F202AA7BA1B00B0BAAD /* PlantCam */,
				BB370F1F2AA7BA1B00B0BAAD /* Products */,
			);
			sourceTree = "<group>";
		};
		BB370F1F2AA7BA1B00B0BAAD /* Products */ = {
			isa = PBXGroup;
			children = (
				BB370F1E2AA7BA1B00B0BAAD /* PlantCam.app */,
			);
			name = Products;
			sourceTree = "<group>";
		};
		BB370F202AA7BA1B00B0BAAD /* PlantCam */ = {
			isa = PBXGroup;
			children = (
				BB370F212AA7BA1B00B0BAAD /* AppDelegate.swift */,
				BB370F232AA7BA1B00B0BAAD /* SceneDelegate.swift */,
				BB370F252AA7BA1B00B0BAAD /* ViewController.swift */,
				BB370F272AA7BA1B00B0BAAD /* Main.storyboard */,
				BB370F2A2AA7BA1C00B0BAAD /* Assets.xcassets */,
				BB370F352AA7F05F00B0BAAD /* MobileNetV2.mlmodel */,
				BB370F2C2AA7BA1C00B0BAAD /* LaunchScreen.storyboard */,
				BB370F2F2AA7BA1C00B0BAAD /* Info.plist */,
			);
			path = PlantCam;
			sourceTree = "<group>";
		};
/* End PBXGroup section */

/* Begin PBXNativeTarget section */
		BB370F1D2AA7BA1B00B0BAAD /* PlantCam */ = {
			isa = PBXNativeTarget;
			buildConfigurationList = BB370F322AA7BA1C00B0BAAD /* Build configuration list for PBXNativeTarget "PlantCam" */;
			buildPhases = (
				BB370F1A2AA7BA1B00B0BAAD /* Sources */,
				BB370F1B2AA7BA1B00B0BAAD /* Frameworks */,
				BB370F1C2AA7BA1B00B0BAAD /* Resources */,
			);
			buildRules = (
			);
			dependencies = (
			);
			name = PlantCam;
			productName = PlantCam;
			productReference = BB370F1E2AA7BA1B00B0BAAD /* PlantCam.app */;
			productType = "com.apple.product-type.application";
		};
/* End PBXNativeTarget section */

/* Begin PBXProject section */
		BB370F162AA7BA1B00B0BAAD /* Project object */ = {
			isa = PBXProject;
			attributes = {
				BuildIndependentTargetsInParallel = 1;
				LastSwiftUpdateCheck = 1430;
				LastUpgradeCheck = 1430;
				TargetAttributes = {
					BB370F1D2AA7BA1B00B0BAAD = {
						CreatedOnToolsVersion = 14.3.1;
					};
				};
			};
			buildConfigurationList = BB370F192AA7BA1B00B0BAAD /* Build configuration list for PBXProject "PlantCam" */;
			compatibilityVersion = "Xcode 14.0";
			developmentRegion = en;
			hasScannedForEncodings = 0;
			knownRegions = (
				en,
				Base,
			);
			mainGroup = BB370F152AA7BA1B00B0BAAD;
			productRefGroup = BB370F1F2AA7BA1B00B0BAAD /* Products */;
			projectDirPath = "";
			projectRoot = "";
			targets = (
				BB370F1D2AA7BA1B00B0BAAD /* PlantCam */,
			);
		};
/* End PBXProject section */

/* Begin PBXResourcesBuildPhase section */
		BB370F1C2AA7BA1B00B0BAAD /* Resources */ = {
			isa = PBXResourcesBuildPhase;
			buildActionMask = 2147483647;
			files = (
				BB370F2E2AA7BA1C00B0BAAD /* LaunchScreen.storyboard in Resources */,
				BB370F2B2AA7BA1C00B0BAAD /* Assets.xcassets in Resources */,
				BB370F292AA7BA1B00B0BAAD /* Main.storyboard in Resources */,
			);
			runOnlyForDeploymentPostprocessing = 0;
		};
/* End PBXResourcesBuildPhase section */

/* Begin PBXSourcesBuildPhase section */
		BB370F1A2AA7BA1B00B0BAAD /* Sources */ = {
			isa = PBXSourcesBuildPhase;
			buildActionMask = 2147483647;
			files = (
				BB370F262AA7BA1B00B0BAAD /* ViewController.swift in Sources */,
				BB370F222AA7BA1B00B0BAAD /* AppDelegate.swift in Sources */,
				BB370F362AA7F05F00B0BAAD /* MobileNetV2.mlmodel in Sources */,
				BB370F242AA7BA1B00B0BAAD /* SceneDelegate.swift in Sources */,
			);
			runOnlyForDeploymentPostprocessing = 0;
		};
/* End PBXSourcesBuildPhase section */

/* Begin PBXVariantGroup section */
		BB370F272AA7BA1B00B0BAAD /* Main.storyboard */ = {
			isa = PBXVariantGroup;
			children = (
				BB370F282AA7BA1B00B0BAAD /* Base */,
			);
			name = Main.storyboard;
			sourceTree = "<group>";
		};
		BB370F2C2AA7BA1C00B0BAAD /* LaunchScreen.storyboard */ = {
			isa = PBXVariantGroup;
			children = (
				BB370F2D2AA7BA1C00B0BAAD /* Base */,
			);
			name = LaunchScreen.storyboard;
			sourceTree = "<group>";
		};
/* End PBXVariantGroup section */

/* Begin XCBuildConfiguration section */
		BB370F302AA7BA1C00B0BAAD /* Debug */ = {
			isa = XCBuildConfiguration;
			buildSettings = {
				ALWAYS_SEARCH_USER_PATHS = NO;
				CLANG_ANALYZER_NONNULL = YES;
				CLANG_ANALYZER_NUMBER_OBJECT_CONVERSION = YES_AGGRESSIVE;
				CLANG_CXX_LANGUAGE_STANDARD = "gnu++20";
				CLANG_ENABLE_MODULES = YES;
				CLANG_ENABLE_OBJC_ARC = YES;
				CLANG_ENABLE_OBJC_WEAK = YES;
				CLANG_WARN_BLOCK_CAPTURE_AUTORELEASING = YES;
				CLANG_WARN_BOOL_CONVERSION = YES;
				CLANG_WARN_COMMA = YES;
				CLANG_WARN_CONSTANT_CONVERSION = YES;
				CLANG_WARN_DEPRECATED_OBJC_IMPLEMENTATIONS = YES;
				CLANG_WARN_DIRECT_OBJC_ISA_USAGE = YES_ERROR;
				CLANG_WARN_DOCUMENTATION_COMMENTS = YES;
				CLANG_WARN_EMPTY_BODY = YES;
				CLANG_WARN_ENUM_CONVERSION = YES;
				CLANG_WARN_INFINITE_RECURSION = YES;
				CLANG_WARN_INT_CONVERSION = YES;
				CLANG_WARN_NON_LITERAL_NULL_CONVERSION = YES;
				CLANG_WARN_OBJC_IMPLICIT_RETAIN_SELF = YES;
				CLANG_WARN_OBJC_LITERAL_CONVERSION = YES;
				CLANG_WARN_OBJC_ROOT_CLASS = YES_ERROR;
				CLANG_WARN_QUOTED_INCLUDE_IN_FRAMEWORK_HEADER = YES;
				CLANG_WARN_RANGE_LOOP_ANALYSIS = YES;
				CLANG_WARN_STRICT_PROTOTYPES = YES;
				CLANG_WARN_SUSPICIOUS_MOVE = YES;
				CLANG_WARN_UNGUARDED_AVAILABILITY = YES_AGGRESSIVE;
				CLANG_WARN_UNREACHABLE_CODE = YES;
				CLANG_WARN__DUPLICATE_METHOD_MATCH = YES;
				COPY_PHASE_STRIP = NO;
				DEBUG_INFORMATION_FORMAT = dwarf;
				ENABLE_STRICT_OBJC_MSGSEND = YES;
				ENABLE_TESTABILITY = YES;
				GCC_C_LANGUAGE_STANDARD = gnu11;
				GCC_DYNAMIC_NO_PIC = NO;
				GCC_NO_COMMON_BLOCKS = YES;
				GCC_OPTIMIZATION_LEVEL = 0;
				GCC_PREPROCESSOR_DEFINITIONS = (
					"DEBUG=1",
					"$(inherited)",
				);
				GCC_WARN_64_TO_32_BIT_CONVERSION = YES;
				GCC_WARN_ABOUT_RETURN_TYPE = YES_ERROR;
				GCC_WARN_UNDECLARED_SELECTOR = YES;
				GCC_WARN_UNINITIALIZED_AUTOS = YES_AGGRESSIVE;
				GCC_WARN_UNUSED_FUNCTION = YES;
				GCC_WARN_UNUSED_VARIABLE = YES;
				IPHONEOS_DEPLOYMENT_TARGET = 16.4;
				MTL_ENABLE_DEBUG_INFO = INCLUDE_SOURCE;
				MTL_FAST_MATH = YES;
				ONLY_ACTIVE_ARCH = YES;
				SDKROOT = iphoneos;
				SWIFT_ACTIVE_COMPILATION_CONDITIONS = DEBUG;
				SWIFT_OPTIMIZATION_LEVEL = "-Onone";
			};
			name = Debug;
		};
		BB370F312AA7BA1C00B0BAAD /* Release */ = {
			isa = XCBuildConfiguration;
			buildSettings = {
				ALWAYS_SEARCH_USER_PATHS = NO;
				CLANG_ANALYZER_NONNULL = YES;
				CLANG_ANALYZER_NUMBER_OBJECT_CONVERSION = YES_AGGRESSIVE;
				CLANG_CXX_LANGUAGE_STANDARD = "gnu++20";
				CLANG_ENABLE_MODULES = YES;
				CLANG_ENABLE_OBJC_ARC = YES;
				CLANG_ENABLE_OBJC_WEAK = YES;
				CLANG_WARN_BLOCK_CAPTURE_AUTORELEASING = YES;
				CLANG_WARN_BOOL_CONVERSION = YES;
				CLANG_WARN_COMMA = YES;
				CLANG_WARN_CONSTANT_CONVERSION = YES;
				CLANG_WARN_DEPRECATED_OBJC_IMPLEMENTATIONS = YES;
				CLANG_WARN_DIRECT_OBJC_ISA_USAGE = YES_ERROR;
				CLANG_WARN_DOCUMENTATION_COMMENTS = YES;
				CLANG_WARN_EMPTY_BODY = YES;
				CLANG_WARN_ENUM_CONVERSION = YES;
				CLANG_WARN_INFINITE_RECURSION = YES;
				CLANG_WARN_INT_CONVERSION = YES;
				CLANG_WARN_NON_LITERAL_NULL_CONVERSION = YES;
				CLANG_WARN_OBJC_IMPLICIT_RETAIN_SELF = YES;
				CLANG_WARN_OBJC_LITERAL_CONVERSION = YES;
				CLANG_WARN_OBJC_ROOT_CLASS = YES_ERROR;
				CLANG_WARN_QUOTED_INCLUDE_IN_FRAMEWORK_HEADER = YES;
				CLANG_WARN_RANGE_LOOP_ANALYSIS = YES;
				CLANG_WARN_STRICT_PROTOTYPES = YES;
				CLANG_WARN_SUSPICIOUS_MOVE = YES;
				CLANG_WARN_UNGUARDED_AVAILABILITY = YES_AGGRESSIVE;
				CLANG_WARN_UNREACHABLE_CODE = YES;
				CLANG_WARN__DUPLICATE_METHOD_MATCH = YES;
				COPY_PHASE_STRIP = NO;
				DEBUG_INFORMATION_FORMAT = "dwarf-with-dsym";
				ENABLE_NS_ASSERTIONS = NO;
				ENABLE_STRICT_OBJC_MSGSEND = YES;
				GCC_C_LANGUAGE_STANDARD = gnu11;
				GCC_NO_COMMON_BLOCKS = YES;
				GCC_WARN_64_TO_32_BIT_CONVERSION = YES;
				GCC_WARN_ABOUT_RETURN_TYPE = YES_ERROR;
				GCC_WARN_UNDECLARED_SELECTOR = YES;
				GCC_WARN_UNINITIALIZED_AUTOS = YES_AGGRESSIVE;
				GCC_WARN_UNUSED_FUNCTION = YES;
				GCC_WARN_UNUSED_VARIABLE = YES;
				IPHONEOS_DEPLOYMENT_TARGET = 16.4;
				MTL_ENABLE_DEBUG_INFO = NO;
				MTL_FAST_MATH = YES;
				SDKROOT = iphoneos;
				SWIFT_COMPILATION_MODE = wholemodule;
				SWIFT_OPTIMIZATION_LEVEL = "-O";
				VALIDATE_PRODUCT = YES;
			};
			name = Release;
		};
		BB370F332AA7BA1C00B0BAAD /* Debug */ = {
			isa = XCBuildConfiguration;
			buildSettings = {
				ASSETCATALOG_COMPILER_APPICON_NAME = AppIcon;
				ASSETCATALOG_COMPILER_GLOBAL_ACCENT_COLOR_NAME = AccentColor;
				CODE_SIGN_STYLE = Automatic;
				CURRENT_PROJECT_VERSION = 1;
				DEVELOPMENT_TEAM = 9D5YJEN724;
				GENERATE_INFOPLIST_FILE = YES;
				INFOPLIST_FILE = PlantCam/Info.plist;
				INFOPLIST_KEY_UIApplicationSupportsIndirectInputEvents = YES;
				INFOPLIST_KEY_UILaunchStoryboardName = LaunchScreen;
				INFOPLIST_KEY_UIMainStoryboardFile = Main;
				INFOPLIST_KEY_UISupportedInterfaceOrientations_iPad = "UIInterfaceOrientationPortrait UIInterfaceOrientationPortraitUpsideDown UIInterfaceOrientationLandscapeLeft UIInterfaceOrientationLandscapeRight";
				INFOPLIST_KEY_UISupportedInterfaceOrientations_iPhone = "UIInterfaceOrientationPortrait UIInterfaceOrientationLandscapeLeft UIInterfaceOrientationLandscapeRight";
				LD_RUNPATH_SEARCH_PATHS = (
					"$(inherited)",
					"@executable_path/Frameworks",
				);
				MARKETING_VERSION = 1.0;
				PRODUCT_BUNDLE_IDENTIFIER = comm.Akhowal.PlantCam;
				PRODUCT_NAME = "$(TARGET_NAME)";
				SWIFT_EMIT_LOC_STRINGS = YES;
				SWIFT_VERSION = 5.0;
				TARGETED_DEVICE_FAMILY = "1,2";
			};
			name = Debug;
		};
		BB370F342AA7BA1C00B0BAAD /* Release */ = {
			isa = XCBuildConfiguration;
			buildSettings = {
				ASSETCATALOG_COMPILER_APPICON_NAME = AppIcon;
				ASSETCATALOG_COMPILER_GLOBAL_ACCENT_COLOR_NAME = AccentColor;
				CODE_SIGN_STYLE = Automatic;
				CURRENT_PROJECT_VERSION = 1;
				DEVELOPMENT_TEAM = 9D5YJEN724;
				GENERATE_INFOPLIST_FILE = YES;
				INFOPLIST_FILE = PlantCam/Info.plist;
				INFOPLIST_KEY_UIApplicationSupportsIndirectInputEvents = YES;
				INFOPLIST_KEY_UILaunchStoryboardName = LaunchScreen;
				INFOPLIST_KEY_UIMainStoryboardFile = Main;
				INFOPLIST_KEY_UISupportedInterfaceOrientations_iPad = "UIInterfaceOrientationPortrait UIInterfaceOrientationPortraitUpsideDown UIInterfaceOrientationLandscapeLeft UIInterfaceOrientationLandscapeRight";
				INFOPLIST_KEY_UISupportedInterfaceOrientations_iPhone = "UIInterfaceOrientationPortrait UIInterfaceOrientationLandscapeLeft UIInterfaceOrientationLandscapeRight";
				LD_RUNPATH_SEARCH_PATHS = (
					"$(inherited)",
					"@executable_path/Frameworks",
				);
				MARKETING_VERSION = 1.0;
				PRODUCT_BUNDLE_IDENTIFIER = comm.Akhowal.PlantCam;
				PRODUCT_NAME = "$(TARGET_NAME)";
				SWIFT_EMIT_LOC_STRINGS = YES;
				SWIFT_VERSION = 5.0;
				TARGETED_DEVICE_FAMILY = "1,2";
			};
			name = Release;
		};
/* End XCBuildConfiguration section */

/* Begin XCConfigurationList section */
		BB370F192AA7BA1B00B0BAAD /* Build configuration list for PBXProject "PlantCam" */ = {
			isa = XCConfigurationList;
			buildConfigurations = (
				BB370F302AA7BA1C00B0BAAD /* Debug */,
				BB370F312AA7BA1C00B0BAAD /* Release */,
			);
			defaultConfigurationIsVisible = 0;
			defaultConfigurationName = Release;
		};
		BB370F322AA7BA1C00B0BAAD /* Build configuration list for PBXNativeTarget "PlantCam" */ = {
			isa = XCConfigurationList;
			buildConfigurations = (
				BB370F332AA7BA1C00B0BAAD /* Debug */,
				BB370F342AA7BA1C00B0BAAD /* Release */,
			);
			defaultConfigurationIsVisible = 0;
			defaultConfigurationName = Release;
		};
/* End XCConfigurationList section */
	};
	rootObject = BB370F162AA7BA1B00B0BAAD /* Project object */;
}
